
Microsoft Visual Studio Solution File, Format Version 12.00
# Visual Studio Version 16
VisualStudioVersion = 16.0.30330.147
MinimumVisualStudioVersion = 10.0.40219.1
Project("{FAE04EC0-301F-11D3-BF4B-00C04F79EFBC}") = "Project_01", "Project_01.csproj", "{84D4E4F5-3CDC-4913-A646-83D03ACA6ACC}"
EndProject
Global
	GlobalSection(SolutionConfigurationPlatforms) = preSolution
		Debug|Any CPU = Debug|Any CPU
		Release|Any CPU = Release|Any CPU
	EndGlobalSection
	GlobalSection(ProjectConfigurationPlatforms) = postSolution
		{84D4E4F5-3CDC-4913-A646-83D03ACA6ACC}.Debug|Any CPU.ActiveCfg = Debug|Any CPU
		{84D4E4F5-3CDC-4913-A646-83D03ACA6ACC}.Debug|Any CPU.Build.0 = Debug|Any CPU
		{84D4E4F5-3CDC-4913-A646-83D03ACA6ACC}.Release|Any CPU.ActiveCfg = Release|Any CPU
		{84D4E4F5-3CDC-4913-A646-83D03ACA6ACC}.Release|Any CPU.Build.0 = Release|Any CPU
	EndGlobalSection
	GlobalSection(SolutionProperties) = preSolution
		HideSolutionNode = FALSE
	EndGlobalSection
	GlobalSection(ExtensibilityGlobals) = postSolution
		SolutionGuid = {D1BE2F87-E398-426F-9698-2EE157562C66}
	EndGlobalSection
EndGlobal
